
Microsoft Visual Studio Solution File, Format Version 11.00
# Visual Studio 2010
Project("{FAE04EC0-301F-11D3-BF4B-00C04F79EFBC}") = "GetThePageRank.DLL", "GetThePageRank.DLL\GetThePageRank.DLL.csproj", "{798C1585-786B-4FF6-9E1A-EEAFA43039ED}"
EndProject
Project("{FAE04EC0-301F-11D3-BF4B-00C04F79EFBC}") = "GetThePageRank.Test", "GetThePageRank.Test\GetThePageRank.Test.csproj", "{C253FEB7-7641-4479-824B-76603FEFC04D}"
EndProject
Project("{2150E333-8FDC-42A3-9474-1A3956D46DE8}") = "Solution Items", "Solution Items", "{9896F431-6D1C-4CD2-854F-57184F7ED96E}"
	ProjectSection(SolutionItems) = preProject
		GetThePageRank.vsmdi = GetThePageRank.vsmdi
		Local.testsettings = Local.testsettings
		TraceAndTestImpact.testsettings = TraceAndTestImpact.testsettings
	EndProjectSection
EndProject
Project("{FAE04EC0-301F-11D3-BF4B-00C04F79EFBC}") = "GetThePageRank.Client.Windows", "GetThePageRank.Client.Windows\GetThePageRank.Client.Windows.csproj", "{03E66208-7D52-4B2D-AF38-C8194CDCC4CE}"
EndProject
Global
	GlobalSection(TestCaseManagementSettings) = postSolution
		CategoryFile = GetThePageRank.vsmdi
	EndGlobalSection
	GlobalSection(SolutionConfigurationPlatforms) = preSolution
		Debug|Any CPU = Debug|Any CPU
		Debug|Mixed Platforms = Debug|Mixed Platforms
		Debug|x86 = Debug|x86
		Release|Any CPU = Release|Any CPU
		Release|Mixed Platforms = Release|Mixed Platforms
		Release|x86 = Release|x86
	EndGlobalSection
	GlobalSection(ProjectConfigurationPlatforms) = postSolution
		{798C1585-786B-4FF6-9E1A-EEAFA43039ED}.Debug|Any CPU.ActiveCfg = Debug|Any CPU
		{798C1585-786B-4FF6-9E1A-EEAFA43039ED}.Debug|Any CPU.Build.0 = Debug|Any CPU
		{798C1585-786B-4FF6-9E1A-EEAFA43039ED}.Debug|Mixed Platforms.ActiveCfg = Debug|Any CPU
		{798C1585-786B-4FF6-9E1A-EEAFA43039ED}.Debug|Mixed Platforms.Build.0 = Debug|Any CPU
		{798C1585-786B-4FF6-9E1A-EEAFA43039ED}.Debug|x86.ActiveCfg = Debug|Any CPU
		{798C1585-786B-4FF6-9E1A-EEAFA43039ED}.Release|Any CPU.ActiveCfg = Release|Any CPU
		{798C1585-786B-4FF6-9E1A-EEAFA43039ED}.Release|Any CPU.Build.0 = Release|Any CPU
		{798C1585-786B-4FF6-9E1A-EEAFA43039ED}.Release|Mixed Platforms.ActiveCfg = Release|Any CPU
		{798C1585-786B-4FF6-9E1A-EEAFA43039ED}.Release|Mixed Platforms.Build.0 = Release|Any CPU
		{798C1585-786B-4FF6-9E1A-EEAFA43039ED}.Release|x86.ActiveCfg = Release|Any CPU
		{C253FEB7-7641-4479-824B-76603FEFC04D}.Debug|Any CPU.ActiveCfg = Debug|Any CPU
		{C253FEB7-7641-4479-824B-76603FEFC04D}.Debug|Any CPU.Build.0 = Debug|Any CPU
		{C253FEB7-7641-4479-824B-76603FEFC04D}.Debug|Mixed Platforms.ActiveCfg = Debug|Any CPU
		{C253FEB7-7641-4479-824B-76603FEFC04D}.Debug|Mixed Platforms.Build.0 = Debug|Any CPU
		{C253FEB7-7641-4479-824B-76603FEFC04D}.Debug|x86.ActiveCfg = Debug|Any CPU
		{C253FEB7-7641-4479-824B-76603FEFC04D}.Release|Any CPU.ActiveCfg = Release|Any CPU
		{C253FEB7-7641-4479-824B-76603FEFC04D}.Release|Any CPU.Build.0 = Release|Any CPU
		{C253FEB7-7641-4479-824B-76603FEFC04D}.Release|Mixed Platforms.ActiveCfg = Release|Any CPU
		{C253FEB7-7641-4479-824B-76603FEFC04D}.Release|Mixed Platforms.Build.0 = Release|Any CPU
		{C253FEB7-7641-4479-824B-76603FEFC04D}.Release|x86.ActiveCfg = Release|Any CPU
		{03E66208-7D52-4B2D-AF38-C8194CDCC4CE}.Debug|Any CPU.ActiveCfg = Debug|x86
		{03E66208-7D52-4B2D-AF38-C8194CDCC4CE}.Debug|Mixed Platforms.ActiveCfg = Debug|x86
		{03E66208-7D52-4B2D-AF38-C8194CDCC4CE}.Debug|Mixed Platforms.Build.0 = Debug|x86
		{03E66208-7D52-4B2D-AF38-C8194CDCC4CE}.Debug|x86.ActiveCfg = Debug|x86
		{03E66208-7D52-4B2D-AF38-C8194CDCC4CE}.Debug|x86.Build.0 = Debug|x86
		{03E66208-7D52-4B2D-AF38-C8194CDCC4CE}.Release|Any CPU.ActiveCfg = Release|x86
		{03E66208-7D52-4B2D-AF38-C8194CDCC4CE}.Release|Mixed Platforms.ActiveCfg = Release|x86
		{03E66208-7D52-4B2D-AF38-C8194CDCC4CE}.Release|Mixed Platforms.Build.0 = Release|x86
		{03E66208-7D52-4B2D-AF38-C8194CDCC4CE}.Release|x86.ActiveCfg = Release|x86
		{03E66208-7D52-4B2D-AF38-C8194CDCC4CE}.Release|x86.Build.0 = Release|x86
	EndGlobalSection
	GlobalSection(SolutionProperties) = preSolution
		HideSolutionNode = FALSE
	EndGlobalSection
EndGlobal
